Microsoft Visual Studio Solution File, Format Version 11.00
# Visual Studio 2010
Project("{F184B08F-C81C-45F6-A57F-5ABD9991F28F}") = "InitializeObjects.Module", "InitializeObjects.Module\InitializeObjects.Module.vbproj", "{2D2E8FAE-2BB8-4C3E-AB46-8E1D5CD9AF4F}"
EndProject
Project("{F184B08F-C81C-45F6-A57F-5ABD9991F28F}") = "InitializeObjects.Module.Web", "InitializeObjects.Module.Web\InitializeObjects.Module.Web.vbproj", "{55C14DAB-5B73-4931-9C9E-09D41468994F}"
EndProject
Project("{F184B08F-C81C-45F6-A57F-5ABD9991F28F}") = "InitializeObjects.Web", "InitializeObjects.Web\InitializeObjects.Web.vbproj", "{218287FC-490F-4C86-BA55-619F6933B4AD}"
EndProject
Project("{F184B08F-C81C-45F6-A57F-5ABD9991F28F}") = "InitializeObjects.Module.Win", "InitializeObjects.Module.Win\InitializeObjects.Module.Win.vbproj", "{C3B82C28-2532-4D63-B949-C9C8E9A7D37F}"
EndProject
Project("{F184B08F-C81C-45F6-A57F-5ABD9991F28F}") = "InitializeObjects.Win", "InitializeObjects.Win\InitializeObjects.Win.vbproj", "{95B2FA07-6576-4E65-A5C5-6CF2C02A0748}"
EndProject
Global
	GlobalSection(SolutionConfigurationPlatforms) = preSolution
		Debug|Any CPU = Debug|Any CPU
		EasyTest|Any CPU = EasyTest|Any CPU
		Release|Any CPU = Release|Any CPU
	EndGlobalSection
	GlobalSection(ProjectConfigurationPlatforms) = postSolution
		{2D2E8FAE-2BB8-4C3E-AB46-8E1D5CD9AF4F}.Debug|Any CPU.ActiveCfg = Debug|Any CPU
		{2D2E8FAE-2BB8-4C3E-AB46-8E1D5CD9AF4F}.Debug|Any CPU.Build.0 = Debug|Any CPU
		{2D2E8FAE-2BB8-4C3E-AB46-8E1D5CD9AF4F}.EasyTest|Any CPU.ActiveCfg = EasyTest|Any CPU
		{2D2E8FAE-2BB8-4C3E-AB46-8E1D5CD9AF4F}.EasyTest|Any CPU.Build.0 = EasyTest|Any CPU
		{2D2E8FAE-2BB8-4C3E-AB46-8E1D5CD9AF4F}.Release|Any CPU.ActiveCfg = Release|Any CPU
		{2D2E8FAE-2BB8-4C3E-AB46-8E1D5CD9AF4F}.Release|Any CPU.Build.0 = Release|Any CPU
		{55C14DAB-5B73-4931-9C9E-09D41468994F}.Debug|Any CPU.ActiveCfg = Debug|Any CPU
		{55C14DAB-5B73-4931-9C9E-09D41468994F}.Debug|Any CPU.Build.0 = Debug|Any CPU
		{55C14DAB-5B73-4931-9C9E-09D41468994F}.EasyTest|Any CPU.ActiveCfg = EasyTest|Any CPU
		{55C14DAB-5B73-4931-9C9E-09D41468994F}.EasyTest|Any CPU.Build.0 = EasyTest|Any CPU
		{55C14DAB-5B73-4931-9C9E-09D41468994F}.Release|Any CPU.ActiveCfg = Release|Any CPU
		{55C14DAB-5B73-4931-9C9E-09D41468994F}.Release|Any CPU.Build.0 = Release|Any CPU
		{218287FC-490F-4C86-BA55-619F6933B4AD}.Debug|Any CPU.ActiveCfg = Debug|Any CPU
		{218287FC-490F-4C86-BA55-619F6933B4AD}.Debug|Any CPU.Build.0 = Debug|Any CPU
		{218287FC-490F-4C86-BA55-619F6933B4AD}.EasyTest|Any CPU.ActiveCfg = EasyTest|Any CPU
		{218287FC-490F-4C86-BA55-619F6933B4AD}.EasyTest|Any CPU.Build.0 = EasyTest|Any CPU
		{218287FC-490F-4C86-BA55-619F6933B4AD}.Release|Any CPU.ActiveCfg = Release|Any CPU
		{218287FC-490F-4C86-BA55-619F6933B4AD}.Release|Any CPU.Build.0 = Release|Any CPU
		{C3B82C28-2532-4D63-B949-C9C8E9A7D37F}.Debug|Any CPU.ActiveCfg = Debug|Any CPU
		{C3B82C28-2532-4D63-B949-C9C8E9A7D37F}.Debug|Any CPU.Build.0 = Debug|Any CPU
		{C3B82C28-2532-4D63-B949-C9C8E9A7D37F}.EasyTest|Any CPU.ActiveCfg = EasyTest|Any CPU
		{C3B82C28-2532-4D63-B949-C9C8E9A7D37F}.EasyTest|Any CPU.Build.0 = EasyTest|Any CPU
		{C3B82C28-2532-4D63-B949-C9C8E9A7D37F}.Release|Any CPU.ActiveCfg = Release|Any CPU
		{C3B82C28-2532-4D63-B949-C9C8E9A7D37F}.Release|Any CPU.Build.0 = Release|Any CPU
		{95B2FA07-6576-4E65-A5C5-6CF2C02A0748}.Debug|Any CPU.ActiveCfg = Debug|Any CPU
		{95B2FA07-6576-4E65-A5C5-6CF2C02A0748}.Debug|Any CPU.Build.0 = Debug|Any CPU
		{95B2FA07-6576-4E65-A5C5-6CF2C02A0748}.EasyTest|Any CPU.ActiveCfg = EasyTest|Any CPU
		{95B2FA07-6576-4E65-A5C5-6CF2C02A0748}.EasyTest|Any CPU.Build.0 = EasyTest|Any CPU
		{95B2FA07-6576-4E65-A5C5-6CF2C02A0748}.Release|Any CPU.ActiveCfg = Release|Any CPU
		{95B2FA07-6576-4E65-A5C5-6CF2C02A0748}.Release|Any CPU.Build.0 = Release|Any CPU
	EndGlobalSection
	GlobalSection(SolutionProperties) = preSolution
		HideSolutionNode = FALSE
	EndGlobalSection
EndGlobal
